
Microsoft Visual Studio Solution File, Format Version 12.00
# Visual Studio Version 16
VisualStudioVersion = 16.0.29306.81
MinimumVisualStudioVersion = 10.0.40219.1
Project("{FAE04EC0-301F-11D3-BF4B-00C04F79EFBC}") = "WindowsFormsAppMemory", "WindowsFormsAppMemory\WindowsFormsAppMemory.csproj", "{B62C0FD5-C0C6-4755-AED2-00D88CCB1286}"
EndProject
Global
	GlobalSection(SolutionConfigurationPlatforms) = preSolution
		Debug|Any CPU = Debug|Any CPU
		Release|Any CPU = Release|Any CPU
	EndGlobalSection
	GlobalSection(ProjectConfigurationPlatforms) = postSolution
		{B62C0FD5-C0C6-4755-AED2-00D88CCB1286}.Debug|Any CPU.ActiveCfg = Debug|Any CPU
		{B62C0FD5-C0C6-4755-AED2-00D88CCB1286}.Debug|Any CPU.Build.0 = Debug|Any CPU
		{B62C0FD5-C0C6-4755-AED2-00D88CCB1286}.Release|Any CPU.ActiveCfg = Release|Any CPU
		{B62C0FD5-C0C6-4755-AED2-00D88CCB1286}.Release|Any CPU.Build.0 = Release|Any CPU
	EndGlobalSection
	GlobalSection(SolutionProperties) = preSolution
		HideSolutionNode = FALSE
	EndGlobalSection
	GlobalSection(ExtensibilityGlobals) = postSolution
		SolutionGuid = {B255D77A-240A-4DA9-98A0-921F3DDB30DC}
	EndGlobalSection
EndGlobal
